{
  "name": "@nangohq/frontend",
  "version": "0.37.22",
  "lockfileVersion": 3,
  "requires": true,
  "packages": {
    "": {
      "name": "@nangohq/frontend",
      "version": "0.37.22",
      "license": "SEE LICENSE IN LICENSE FILE IN GIT REPOSITORY",
      "devDependencies": {
        "@tsconfig/node18-strictest-esm": "^1.0.1",
        "typescript": "5.3.3"
      }
    },
    "node_modules/@tsconfig/node18-strictest-esm": {
      "version": "1.0.1",
      "resolved": "https://registry.npmjs.org/@tsconfig/node18-strictest-esm/-/node18-strictest-esm-1.0.1.tgz",
      "integrity": "sha512-cHzmAqw7CMbyqROWeBgVhard3F2V6zxOSJnQ4E6SJWruXD5ypuP9/QKekwBdfXQ4oUTaizIICKIwb+v3v33t0w==",
      "deprecated": "TypeScript 5.0 supports combining TSConfigs using array syntax in extends",
      "dev": true,
      "license": "MIT"
    },
    "node_modules/typescript": {
      "version": "5.3.3",
      "resolved": "https://registry.npmjs.org/typescript/-/typescript-5.3.3.tgz",
      "integrity": "sha512-pXWcraxM0uxAS+tN0AG/BF2TyqmHO014Z070UsJ+pFvYuRSq8KH8DmWpnbXe0pEPDHXZV3FcAbJkijJ5oNEnWw==",
      "dev": true,
      "license": "Apache-2.0",
      "bin": {
        "tsc": "bin/tsc",
        "tsserver": "bin/tsserver"
      },
      "engines": {
        "node": ">=14.17"
      }
    }
  }
}
